// !$*UTF8*$!
{
	archiveVersion = 1;
	classes = {
	};
	objectVersion = 50;
	objects = {

/* Begin PBXBuildFile section */
		F1E781F824F1E033004C8AEB /* AppDelegate.swift in Sources */ = {isa = PBXBuildFile; fileRef = F1E781F724F1E033004C8AEB /* AppDelegate.swift */; };
		F1E781FA24F1E033004C8AEB /* SceneDelegate.swift in Sources */ = {isa = PBXBuildFile; fileRef = F1E781F924F1E033004C8AEB /* SceneDelegate.swift */; };
		F1E781FC24F1E033004C8AEB /* ViewController.swift in Sources */ = {isa = PBXBuildFile; fileRef = F1E781FB24F1E033004C8AEB /* ViewController.swift */; };
		F1E781FF24F1E033004C8AEB /* Main.storyboard in Resources */ = {isa = PBXBuildFile; fileRef = F1E781FD24F1E033004C8AEB /* Main.storyboard */; };
		F1E7820124F1E036004C8AEB /* Assets.xcassets in Resources */ = {isa = PBXBuildFile; fileRef = F1E7820024F1E036004C8AEB /* Assets.xcassets */; };
		F1E7820424F1E036004C8AEB /* LaunchScreen.storyboard in Resources */ = {isa = PBXBuildFile; fileRef = F1E7820224F1E036004C8AEB /* LaunchScreen.storyboard */; };
/* End PBXBuildFile section */

/* Begin PBXFileReference section */
		F1E781F424F1E033004C8AEB /* You Are Awesome!.app */ = {isa = PBXFileReference; explicitFileType = wrapper.application; includeInIndex = 0; path = "You Are Awesome!.app"; sourceTree = BUILT_PRODUCTS_DIR; };
		F1E781F724F1E033004C8AEB /* AppDelegate.swift */ = {isa = PBXFileReference; lastKnownFileType = sourcecode.swift; path = AppDelegate.swift; sourceTree = "<group>"; };
		F1E781F924F1E033004C8AEB /* SceneDelegate.swift */ = {isa = PBXFileReference; lastKnownFileType = sourcecode.swift; path = SceneDelegate.swift; sourceTree = "<group>"; };
		F1E781FB24F1E033004C8AEB /* ViewController.swift */ = {isa = PBXFileReference; lastKnownFileType = sourcecode.swift; path = ViewController.swift; sourceTree = "<group>"; };
		F1E781FE24F1E033004C8AEB /* Base */ = {isa = PBXFileReference; lastKnownFileType = file.storyboard; name = Base; path = Base.lproj/Main.storyboard; sourceTree = "<group>"; };
		F1E7820024F1E036004C8AEB /* Assets.xcassets */ = {isa = PBXFileReference; lastKnownFileType = folder.assetcatalog; path = Assets.xcassets; sourceTree = "<group>"; };
		F1E7820324F1E036004C8AEB /* Base */ = {isa = PBXFileReference; lastKnownFileType = file.storyboard; name = Base; path = Base.lproj/LaunchScreen.storyboard; sourceTree = "<group>"; };
		F1E7820524F1E036004C8AEB /* Info.plist */ = {isa = PBXFileReference; lastKnownFileType = text.plist.xml; path = Info.plist; sourceTree = "<group>"; };
/* End PBXFileReference section */

/* Begin PBXFrameworksBuildPhase section */
		F1E781F124F1E033004C8AEB /* Frameworks */ = {
			isa = PBXFrameworksBuildPhase;
			buildActionMask = 2147483647;
			files = (
			);
			runOnlyForDeploymentPostprocessing = 0;
		};
/* End PBXFrameworksBuildPhase section */

/* Begin PBXGroup section */
		F1E781EB24F1E033004C8AEB = {
			isa = PBXGroup;
			children = (
				F1E781F624F1E033004C8AEB /* You Are Awesome! */,
				F1E781F524F1E033004C8AEB /* Products */,
			);
			sourceTree = "<group>";
		};
		F1E781F524F1E033004C8AEB /* Products */ = {
			isa = PBXGroup;
			children = (
				F1E781F424F1E033004C8AEB /* You Are Awesome!.app */,
			);
			name = Products;
			sourceTree = "<group>";
		};
		F1E781F624F1E033004C8AEB /* You Are Awesome! */ = {
			isa = PBXGroup;
			children = (
				F1E781F724F1E033004C8AEB /* AppDelegate.swift */,
				F1E781F924F1E033004C8AEB /* SceneDelegate.swift */,
				F1E781FB24F1E033004C8AEB /* ViewController.swift */,
				F1E781FD24F1E033004C8AEB /* Main.storyboard */,
				F1E7820024F1E036004C8AEB /* Assets.xcassets */,
				F1E7820224F1E036004C8AEB /* LaunchScreen.storyboard */,
				F1E7820524F1E036004C8AEB /* Info.plist */,
			);
			path = "You Are Awesome!";
			sourceTree = "<group>";
		};
/* End PBXGroup section */

/* Begin PBXNativeTarget section */
		F1E781F324F1E033004C8AEB /* You Are Awesome! */ = {
			isa = PBXNativeTarget;
			buildConfigurationList = F1E7820824F1E036004C8AEB /* Build configuration list for PBXNativeTarget "You Are Awesome!" */;
			buildPhases = (
				F1E781F024F1E033004C8AEB /* Sources */,
				F1E781F124F1E033004C8AEB /* Frameworks */,
				F1E781F224F1E033004C8AEB /* Resources */,
			);
			buildRules = (
			);
			dependencies = (
			);
			name = "You Are Awesome!";
			productName = "You Are Awesome!";
			productReference = F1E781F424F1E033004C8AEB /* You Are Awesome!.app */;
			productType = "com.apple.product-type.application";
		};
/* End PBXNativeTarget section */

/* Begin PBXProject section */
		F1E781EC24F1E033004C8AEB /* Project object */ = {
			isa = PBXProject;
			attributes = {
				LastSwiftUpdateCheck = 1160;
				LastUpgradeCheck = 1160;
				ORGANIZATIONNAME = "Lazaro Alvelaez";
				TargetAttributes = {
					F1E781F324F1E033004C8AEB = {
						CreatedOnToolsVersion = 11.6;
					};
				};
			};
			buildConfigurationList = F1E781EF24F1E033004C8AEB /* Build configuration list for PBXProject "You Are Awesome!" */;
			compatibilityVersion = "Xcode 9.3";
			developmentRegion = en;
			hasScannedForEncodings = 0;
			knownRegions = (
				en,
				Base,
			);
			mainGroup = F1E781EB24F1E033004C8AEB;
			productRefGroup = F1E781F524F1E033004C8AEB /* Products */;
			projectDirPath = "";
			projectRoot = "";
			targets = (
				F1E781F324F1E033004C8AEB /* You Are Awesome! */,
			);
		};
/* End PBXProject section */

/* Begin PBXResourcesBuildPhase section */
		F1E781F224F1E033004C8AEB /* Resources */ = {
			isa = PBXResourcesBuildPhase;
			buildActionMask = 2147483647;
			files = (
				F1E7820424F1E036004C8AEB /* LaunchScreen.storyboard in Resources */,
				F1E7820124F1E036004C8AEB /* Assets.xcassets in Resources */,
				F1E781FF24F1E033004C8AEB /* Main.storyboard in Resources */,
			);
			runOnlyForDeploymentPostprocessing = 0;
		};
/* End PBXResourcesBuildPhase section */

/* Begin PBXSourcesBuildPhase section */
		F1E781F024F1E033004C8AEB /* Sources */ = {
			isa = PBXSourcesBuildPhase;
			buildActionMask = 2147483647;
			files = (
				F1E781FC24F1E033004C8AEB /* ViewController.swift in Sources */,
				F1E781F824F1E033004C8AEB /* AppDelegate.swift in Sources */,
				F1E781FA24F1E033004C8AEB /* SceneDelegate.swift in Sources */,
			);
			runOnlyForDeploymentPostprocessing = 0;
		};
/* End PBXSourcesBuildPhase section */

/* Begin PBXVariantGroup section */
		F1E781FD24F1E033004C8AEB /* Main.storyboard */ = {
			isa = PBXVariantGroup;
			children = (
				F1E781FE24F1E033004C8AEB /* Base */,
			);
			name = Main.storyboard;
			sourceTree = "<group>";
		};
		F1E7820224F1E036004C8AEB /* LaunchScreen.storyboard */ = {
			isa = PBXVariantGroup;
			children = (
				F1E7820324F1E036004C8AEB /* Base */,
			);
			name = LaunchScreen.storyboard;
			sourceTree = "<group>";
		};
/* End PBXVariantGroup section */

/* Begin XCBuildConfiguration section */
		F1E7820624F1E036004C8AEB /* Debug */ = {
			isa = XCBuildConfiguration;
			buildSettings = {
				ALWAYS_SEARCH_USER_PATHS = NO;
				CLANG_ANALYZER_NONNULL = YES;
				CLANG_ANALYZER_NUMBER_OBJECT_CONVERSION = YES_AGGRESSIVE;
				CLANG_CXX_LANGUAGE_STANDARD = "gnu++14";
				CLANG_CXX_LIBRARY = "libc++";
				CLANG_ENABLE_MODULES = YES;
				CLANG_ENABLE_OBJC_ARC = YES;
				CLANG_ENABLE_OBJC_WEAK = YES;
				CLANG_WARN_BLOCK_CAPTURE_AUTORELEASING = YES;
				CLANG_WARN_BOOL_CONVERSION = YES;
				CLANG_WARN_COMMA = YES;
				CLANG_WARN_CONSTANT_CONVERSION = YES;
				CLANG_WARN_DEPRECATED_OBJC_IMPLEMENTATIONS = YES;
				CLANG_WARN_DIRECT_OBJC_ISA_USAGE = YES_ERROR;
				CLANG_WARN_DOCUMENTATION_COMMENTS = YES;
				CLANG_WARN_EMPTY_BODY = YES;
				CLANG_WARN_ENUM_CONVERSION = YES;
				CLANG_WARN_INFINITE_RECURSION = YES;
				CLANG_WARN_INT_CONVERSION = YES;
				CLANG_WARN_NON_LITERAL_NULL_CONVERSION = YES;
				CLANG_WARN_OBJC_IMPLICIT_RETAIN_SELF = YES;
				CLANG_WARN_OBJC_LITERAL_CONVERSION = YES;
				CLANG_WARN_OBJC_ROOT_CLASS = YES_ERROR;
				CLANG_WARN_RANGE_LOOP_ANALYSIS = YES;
				CLANG_WARN_STRICT_PROTOTYPES = YES;
				CLANG_WARN_SUSPICIOUS_MOVE = YES;
				CLANG_WARN_UNGUARDED_AVAILABILITY = YES_AGGRESSIVE;
				CLANG_WARN_UNREACHABLE_CODE = YES;
				CLANG_WARN__DUPLICATE_METHOD_MATCH = YES;
				COPY_PHASE_STRIP = NO;
				DEBUG_INFORMATION_FORMAT = dwarf;
				ENABLE_STRICT_OBJC_MSGSEND = YES;
				ENABLE_TESTABILITY = YES;
				GCC_C_LANGUAGE_STANDARD = gnu11;
				GCC_DYNAMIC_NO_PIC = NO;
				GCC_NO_COMMON_BLOCKS = YES;
				GCC_OPTIMIZATION_LEVEL = 0;
				GCC_PREPROCESSOR_DEFINITIONS = (
					"DEBUG=1",
					"$(inherited)",
				);
				GCC_WARN_64_TO_32_BIT_CONVERSION = YES;
				GCC_WARN_ABOUT_RETURN_TYPE = YES_ERROR;
				GCC_WARN_UNDECLARED_SELECTOR = YES;
				GCC_WARN_UNINITIALIZED_AUTOS = YES_AGGRESSIVE;
				GCC_WARN_UNUSED_FUNCTION = YES;
				GCC_WARN_UNUSED_VARIABLE = YES;
				IPHONEOS_DEPLOYMENT_TARGET = 13.6;
				MTL_ENABLE_DEBUG_INFO = INCLUDE_SOURCE;
				MTL_FAST_MATH = YES;
				ONLY_ACTIVE_ARCH = YES;
				SDKROOT = iphoneos;
				SWIFT_ACTIVE_COMPILATION_CONDITIONS = DEBUG;
				SWIFT_OPTIMIZATION_LEVEL = "-Onone";
			};
			name = Debug;
		};
		F1E7820724F1E036004C8AEB /* Release */ = {
			isa = XCBuildConfiguration;
			buildSettings = {
				ALWAYS_SEARCH_USER_PATHS = NO;
				CLANG_ANALYZER_NONNULL = YES;
				CLANG_ANALYZER_NUMBER_OBJECT_CONVERSION = YES_AGGRESSIVE;
				CLANG_CXX_LANGUAGE_STANDARD = "gnu++14";
				CLANG_CXX_LIBRARY = "libc++";
				CLANG_ENABLE_MODULES = YES;
				CLANG_ENABLE_OBJC_ARC = YES;
				CLANG_ENABLE_OBJC_WEAK = YES;
				CLANG_WARN_BLOCK_CAPTURE_AUTORELEASING = YES;
				CLANG_WARN_BOOL_CONVERSION = YES;
				CLANG_WARN_COMMA = YES;
				CLANG_WARN_CONSTANT_CONVERSION = YES;
				CLANG_WARN_DEPRECATED_OBJC_IMPLEMENTATIONS = YES;
				CLANG_WARN_DIRECT_OBJC_ISA_USAGE = YES_ERROR;
				CLANG_WARN_DOCUMENTATION_COMMENTS = YES;
				CLANG_WARN_EMPTY_BODY = YES;
				CLANG_WARN_ENUM_CONVERSION = YES;
				CLANG_WARN_INFINITE_RECURSION = YES;
				CLANG_WARN_INT_CONVERSION = YES;
				CLANG_WARN_NON_LITERAL_NULL_CONVERSION = YES;
				CLANG_WARN_OBJC_IMPLICIT_RETAIN_SELF = YES;
				CLANG_WARN_OBJC_LITERAL_CONVERSION = YES;
				CLANG_WARN_OBJC_ROOT_CLASS = YES_ERROR;
				CLANG_WARN_RANGE_LOOP_ANALYSIS = YES;
				CLANG_WARN_STRICT_PROTOTYPES = YES;
				CLANG_WARN_SUSPICIOUS_MOVE = YES;
				CLANG_WARN_UNGUARDED_AVAILABILITY = YES_AGGRESSIVE;
				CLANG_WARN_UNREACHABLE_CODE = YES;
				CLANG_WARN__DUPLICATE_METHOD_MATCH = YES;
				COPY_PHASE_STRIP = NO;
				DEBUG_INFORMATION_FORMAT = "dwarf-with-dsym";
				ENABLE_NS_ASSERTIONS = NO;
				ENABLE_STRICT_OBJC_MSGSEND = YES;
				GCC_C_LANGUAGE_STANDARD = gnu11;
				GCC_NO_COMMON_BLOCKS = YES;
				GCC_WARN_64_TO_32_BIT_CONVERSION = YES;
				GCC_WARN_ABOUT_RETURN_TYPE = YES_ERROR;
				GCC_WARN_UNDECLARED_SELECTOR = YES;
				GCC_WARN_UNINITIALIZED_AUTOS = YES_AGGRESSIVE;
				GCC_WARN_UNUSED_FUNCTION = YES;
				GCC_WARN_UNUSED_VARIABLE = YES;
				IPHONEOS_DEPLOYMENT_TARGET = 13.6;
				MTL_ENABLE_DEBUG_INFO = NO;
				MTL_FAST_MATH = YES;
				SDKROOT = iphoneos;
				SWIFT_COMPILATION_MODE = wholemodule;
				SWIFT_OPTIMIZATION_LEVEL = "-O";
				VALIDATE_PRODUCT = YES;
			};
			name = Release;
		};
		F1E7820924F1E036004C8AEB /* Debug */ = {
			isa = XCBuildConfiguration;
			buildSettings = {
				ASSETCATALOG_COMPILER_APPICON_NAME = AppIcon;
				CODE_SIGN_STYLE = Automatic;
				INFOPLIST_FILE = "You Are Awesome!/Info.plist";
				LD_RUNPATH_SEARCH_PATHS = (
					"$(inherited)",
					"@executable_path/Frameworks",
				);
				PRODUCT_BUNDLE_IDENTIFIER = "com..You-Are-Awesome-";
				PRODUCT_NAME = "$(TARGET_NAME)";
				SWIFT_VERSION = 5.0;
				TARGETED_DEVICE_FAMILY = "1,2";
			};
			name = Debug;
		};
		F1E7820A24F1E036004C8AEB /* Release */ = {
			isa = XCBuildConfiguration;
			buildSettings = {
				ASSETCATALOG_COMPILER_APPICON_NAME = AppIcon;
				CODE_SIGN_STYLE = Automatic;
				INFOPLIST_FILE = "You Are Awesome!/Info.plist";
				LD_RUNPATH_SEARCH_PATHS = (
					"$(inherited)",
					"@executable_path/Frameworks",
				);
				PRODUCT_BUNDLE_IDENTIFIER = "com..You-Are-Awesome-";
				PRODUCT_NAME = "$(TARGET_NAME)";
				SWIFT_VERSION = 5.0;
				TARGETED_DEVICE_FAMILY = "1,2";
			};
			name = Release;
		};
/* End XCBuildConfiguration section */

/* Begin XCConfigurationList section */
		F1E781EF24F1E033004C8AEB /* Build configuration list for PBXProject "You Are Awesome!" */ = {
			isa = XCConfigurationList;
			buildConfigurations = (
				F1E7820624F1E036004C8AEB /* Debug */,
				F1E7820724F1E036004C8AEB /* Release */,
			);
			defaultConfigurationIsVisible = 0;
			defaultConfigurationName = Release;
		};
		F1E7820824F1E036004C8AEB /* Build configuration list for PBXNativeTarget "You Are Awesome!" */ = {
			isa = XCConfigurationList;
			buildConfigurations = (
				F1E7820924F1E036004C8AEB /* Debug */,
				F1E7820A24F1E036004C8AEB /* Release */,
			);
			defaultConfigurationIsVisible = 0;
			defaultConfigurationName = Release;
		};
/* End XCConfigurationList section */
	};
	rootObject = F1E781EC24F1E033004C8AEB /* Project object */;
}
